// !$*UTF8*$!
{
	archiveVersion = 1;
	classes = {
	};
	objectVersion = 46;
	objects = {

/* Begin PBXBuildFile section */
		BBAB23CB13894F3D00AA2426 /* GLUT.framework in CopyFiles */ = {isa = PBXBuildFile; fileRef = BBAB23BE13894E4700AA2426 /* GLUT.framework */; };
		C21420211E6863FC0051289A /* ofx3dModelLoader.cpp in Sources */ = {isa = PBXBuildFile; fileRef = C21420181E6863FC0051289A /* ofx3dModelLoader.cpp */; };
		C21420221E6863FC0051289A /* model3DS.cpp in Sources */ = {isa = PBXBuildFile; fileRef = C214201C1E6863FC0051289A /* model3DS.cpp */; };
		C21420231E6863FC0051289A /* texture3DS.cpp in Sources */ = {isa = PBXBuildFile; fileRef = C214201E1E6863FC0051289A /* texture3DS.cpp */; };
		C214205B1E6864100051289A /* assimp.a in Frameworks */ = {isa = PBXBuildFile; fileRef = C21420501E6864100051289A /* assimp.a */; };
		C214205C1E6864100051289A /* ofxAssimpAnimation.cpp in Sources */ = {isa = PBXBuildFile; fileRef = C21420521E6864100051289A /* ofxAssimpAnimation.cpp */; };
		C214205D1E6864100051289A /* ofxAssimpMeshHelper.cpp in Sources */ = {isa = PBXBuildFile; fileRef = C21420541E6864100051289A /* ofxAssimpMeshHelper.cpp */; };
		C214205E1E6864100051289A /* ofxAssimpModelLoader.cpp in Sources */ = {isa = PBXBuildFile; fileRef = C21420561E6864100051289A /* ofxAssimpModelLoader.cpp */; };
		C214205F1E6864100051289A /* ofxAssimpTexture.cpp in Sources */ = {isa = PBXBuildFile; fileRef = C21420581E6864100051289A /* ofxAssimpTexture.cpp */; };
		C23A69011E3E4AF10086F882 /* Object.cpp in Sources */ = {isa = PBXBuildFile; fileRef = C23A68FF1E3E4AF10086F882 /* Object.cpp */; };
		C27DC8B71E3E514900D1A1D8 /* Cylinder.cpp in Sources */ = {isa = PBXBuildFile; fileRef = C27DC8B51E3E514900D1A1D8 /* Cylinder.cpp */; };
		C28E92D61E2FD7D700AA5728 /* ofApp.h in Sources */ = {isa = PBXBuildFile; fileRef = E4B69E1F0A3A1BDC003C02F2 /* ofApp.h */; };
		C28E92DA1E2FDC5200AA5728 /* Sphere.cpp in Sources */ = {isa = PBXBuildFile; fileRef = C28E92D81E2FDC5200AA5728 /* Sphere.cpp */; };
		C28E92DD1E3257BD00AA5728 /* Square.cpp in Sources */ = {isa = PBXBuildFile; fileRef = C28E92DB1E3257BD00AA5728 /* Square.cpp */; };
		C2A1A1EB1E56893200CDE1F2 /* Box.cpp in Sources */ = {isa = PBXBuildFile; fileRef = C2A1A1E91E56893200CDE1F2 /* Box.cpp */; };
		C2A1A1EE1E56922F00CDE1F2 /* Plate.cpp in Sources */ = {isa = PBXBuildFile; fileRef = C2A1A1EC1E56922F00CDE1F2 /* Plate.cpp */; };
		C2A1B7E21E4E298A00E0793C /* Cone.cpp in Sources */ = {isa = PBXBuildFile; fileRef = C2A1B7E01E4E298A00E0793C /* Cone.cpp */; };
		C2AE880E1E365F3300619B63 /* ofxBaseGui.cpp in Sources */ = {isa = PBXBuildFile; fileRef = C2AE87FD1E365F3300619B63 /* ofxBaseGui.cpp */; };
		C2AE880F1E365F3300619B63 /* ofxButton.cpp in Sources */ = {isa = PBXBuildFile; fileRef = C2AE87FF1E365F3300619B63 /* ofxButton.cpp */; };
		C2AE88101E365F3300619B63 /* ofxGuiGroup.cpp in Sources */ = {isa = PBXBuildFile; fileRef = C2AE88021E365F3300619B63 /* ofxGuiGroup.cpp */; };
		C2AE88111E365F3300619B63 /* ofxLabel.cpp in Sources */ = {isa = PBXBuildFile; fileRef = C2AE88041E365F3300619B63 /* ofxLabel.cpp */; };
		C2AE88121E365F3300619B63 /* ofxPanel.cpp in Sources */ = {isa = PBXBuildFile; fileRef = C2AE88061E365F3300619B63 /* ofxPanel.cpp */; };
		C2AE88131E365F3300619B63 /* ofxSlider.cpp in Sources */ = {isa = PBXBuildFile; fileRef = C2AE88081E365F3300619B63 /* ofxSlider.cpp */; };
		C2AE88141E365F3300619B63 /* ofxSliderGroup.cpp in Sources */ = {isa = PBXBuildFile; fileRef = C2AE880A1E365F3300619B63 /* ofxSliderGroup.cpp */; };
		C2AE88151E365F3300619B63 /* ofxToggle.cpp in Sources */ = {isa = PBXBuildFile; fileRef = C2AE880C1E365F3300619B63 /* ofxToggle.cpp */; };
		E4328149138ABC9F0047C5CB /* openFrameworksDebug.a in Frameworks */ = {isa = PBXBuildFile; fileRef = E4328148138ABC890047C5CB /* openFrameworksDebug.a */; };
		E45BE97B0E8CC7DD009D7055 /* AGL.framework in Frameworks */ = {isa = PBXBuildFile; fileRef = E45BE9710E8CC7DD009D7055 /* AGL.framework */; };
		E45BE97C0E8CC7DD009D7055 /* ApplicationServices.framework in Frameworks */ = {isa = PBXBuildFile; fileRef = E45BE9720E8CC7DD009D7055 /* ApplicationServices.framework */; };
		E45BE97D0E8CC7DD009D7055 /* AudioToolbox.framework in Frameworks */ = {isa = PBXBuildFile; fileRef = E45BE9730E8CC7DD009D7055 /* AudioToolbox.framework */; };
		E45BE97F0E8CC7DD009D7055 /* CoreAudio.framework in Frameworks */ = {isa = PBXBuildFile; fileRef = E45BE9750E8CC7DD009D7055 /* CoreAudio.framework */; };
		E45BE9800E8CC7DD009D7055 /* CoreFoundation.framework in Frameworks */ = {isa = PBXBuildFile; fileRef = E45BE9760E8CC7DD009D7055 /* CoreFoundation.framework */; };
		E45BE9810E8CC7DD009D7055 /* CoreServices.framework in Frameworks */ = {isa = PBXBuildFile; fileRef = E45BE9770E8CC7DD009D7055 /* CoreServices.framework */; };
		E45BE9830E8CC7DD009D7055 /* OpenGL.framework in Frameworks */ = {isa = PBXBuildFile; fileRef = E45BE9790E8CC7DD009D7055 /* OpenGL.framework */; };
		E45BE9840E8CC7DD009D7055 /* QuickTime.framework in Frameworks */ = {isa = PBXBuildFile; fileRef = E45BE97A0E8CC7DD009D7055 /* QuickTime.framework */; };
		E4B69E200A3A1BDC003C02F2 /* main.cpp in Sources */ = {isa = PBXBuildFile; fileRef = E4B69E1D0A3A1BDC003C02F2 /* main.cpp */; };
		E4B69E210A3A1BDC003C02F2 /* ofApp.cpp in Sources */ = {isa = PBXBuildFile; fileRef = E4B69E1E0A3A1BDC003C02F2 /* ofApp.cpp */; };
		E4C2424710CC5A17004149E2 /* AppKit.framework in Frameworks */ = {isa = PBXBuildFile; fileRef = E4C2424410CC5A17004149E2 /* AppKit.framework */; };
		E4C2424810CC5A17004149E2 /* Cocoa.framework in Frameworks */ = {isa = PBXBuildFile; fileRef = E4C2424510CC5A17004149E2 /* Cocoa.framework */; };
		E4C2424910CC5A17004149E2 /* IOKit.framework in Frameworks */ = {isa = PBXBuildFile; fileRef = E4C2424610CC5A17004149E2 /* IOKit.framework */; };
		E4EB6799138ADC1D00A09F29 /* GLUT.framework in Frameworks */ = {isa = PBXBuildFile; fileRef = BBAB23BE13894E4700AA2426 /* GLUT.framework */; };
		E7E077E515D3B63C0020DFD4 /* CoreVideo.framework in Frameworks */ = {isa = PBXBuildFile; fileRef = E7E077E415D3B63C0020DFD4 /* CoreVideo.framework */; };
		E7E077E815D3B6510020DFD4 /* QTKit.framework in Frameworks */ = {isa = PBXBuildFile; fileRef = E7E077E715D3B6510020DFD4 /* QTKit.framework */; };
		E7F985F815E0DEA3003869B5 /* Accelerate.framework in Frameworks */ = {isa = PBXBuildFile; fileRef = E7F985F515E0DE99003869B5 /* Accelerate.framework */; };
/* End PBXBuildFile section */

/* Begin PBXContainerItemProxy section */
		E4328147138ABC890047C5CB /* PBXContainerItemProxy */ = {
			isa = PBXContainerItemProxy;
			containerPortal = E4328143138ABC890047C5CB /* openFrameworksLib.xcodeproj */;
			proxyType = 2;
			remoteGlobalIDString = E4B27C1510CBEB8E00536013;
			remoteInfo = openFrameworks;
		};
		E4EEB9AB138B136A00A80321 /* PBXContainerItemProxy */ = {
			isa = PBXContainerItemProxy;
			containerPortal = E4328143138ABC890047C5CB /* openFrameworksLib.xcodeproj */;
			proxyType = 1;
			remoteGlobalIDString = E4B27C1410CBEB8E00536013;
			remoteInfo = openFrameworks;
		};
/* End PBXContainerItemProxy section */

/* Begin PBXCopyFilesBuildPhase section */
		E4C2427710CC5ABF004149E2 /* CopyFiles */ = {
			isa = PBXCopyFilesBuildPhase;
			buildActionMask = 2147483647;
			dstPath = "";
			dstSubfolderSpec = 10;
			files = (
				BBAB23CB13894F3D00AA2426 /* GLUT.framework in CopyFiles */,
			);
			runOnlyForDeploymentPostprocessing = 0;
		};
/* End PBXCopyFilesBuildPhase section */

/* Begin PBXFileReference section */
		BBAB23BE13894E4700AA2426 /* GLUT.framework */ = {isa = PBXFileReference; lastKnownFileType = wrapper.framework; name = GLUT.framework; path = ../../../libs/glut/lib/osx/GLUT.framework; sourceTree = "<group>"; };
		C21420171E6863FC0051289A /* ofx3DBaseLoader.h */ = {isa = PBXFileReference; fileEncoding = 4; lastKnownFileType = sourcecode.c.h; path = ofx3DBaseLoader.h; sourceTree = "<group>"; };
		C21420181E6863FC0051289A /* ofx3dModelLoader.cpp */ = {isa = PBXFileReference; fileEncoding = 4; lastKnownFileType = sourcecode.cpp.cpp; path = ofx3dModelLoader.cpp; sourceTree = "<group>"; };
		C21420191E6863FC0051289A /* ofx3DModelLoader.h */ = {isa = PBXFileReference; fileEncoding = 4; lastKnownFileType = sourcecode.c.h; path = ofx3DModelLoader.h; sourceTree = "<group>"; };
		C214201C1E6863FC0051289A /* model3DS.cpp */ = {isa = PBXFileReference; fileEncoding = 4; lastKnownFileType = sourcecode.cpp.cpp; path = model3DS.cpp; sourceTree = "<group>"; };
		C214201D1E6863FC0051289A /* model3DS.h */ = {isa = PBXFileReference; fileEncoding = 4; lastKnownFileType = sourcecode.c.h; path = model3DS.h; sourceTree = "<group>"; };
		C214201E1E6863FC0051289A /* texture3DS.cpp */ = {isa = PBXFileReference; fileEncoding = 4; lastKnownFileType = sourcecode.cpp.cpp; path = texture3DS.cpp; sourceTree = "<group>"; };
		C214201F1E6863FC0051289A /* texture3DS.h */ = {isa = PBXFileReference; fileEncoding = 4; lastKnownFileType = sourcecode.c.h; path = texture3DS.h; sourceTree = "<group>"; };
		C21420201E6863FC0051289A /* Vector3DS.h */ = {isa = PBXFileReference; fileEncoding = 4; lastKnownFileType = sourcecode.c.h; path = Vector3DS.h; sourceTree = "<group>"; };
		C21420251E6864100051289A /* addon_config.mk */ = {isa = PBXFileReference; fileEncoding = 4; lastKnownFileType = text; path = addon_config.mk; sourceTree = "<group>"; };
		C21420291E6864100051289A /* aiAnim.h */ = {isa = PBXFileReference; fileEncoding = 4; lastKnownFileType = sourcecode.c.h; path = aiAnim.h; sourceTree = "<group>"; };
		C214202A1E6864100051289A /* aiAssert.h */ = {isa = PBXFileReference; fileEncoding = 4; lastKnownFileType = sourcecode.c.h; path = aiAssert.h; sourceTree = "<group>"; };
		C214202B1E6864100051289A /* aiCamera.h */ = {isa = PBXFileReference; fileEncoding = 4; lastKnownFileType = sourcecode.c.h; path = aiCamera.h; sourceTree = "<group>"; };
		C214202C1E6864100051289A /* aiColor4D.h */ = {isa = PBXFileReference; fileEncoding = 4; lastKnownFileType = sourcecode.c.h; path = aiColor4D.h; sourceTree = "<group>"; };
		C214202D1E6864100051289A /* aiColor4D.inl */ = {isa = PBXFileReference; fileEncoding = 4; lastKnownFileType = text; path = aiColor4D.inl; sourceTree = "<group>"; };
		C214202E1E6864100051289A /* aiConfig.h */ = {isa = PBXFileReference; fileEncoding = 4; lastKnownFileType = sourcecode.c.h; path = aiConfig.h; sourceTree = "<group>"; };
		C214202F1E6864100051289A /* aiDefines.h */ = {isa = PBXFileReference; fileEncoding = 4; lastKnownFileType = sourcecode.c.h; path = aiDefines.h; sourceTree = "<group>"; };
		C21420301E6864100051289A /* aiFileIO.h */ = {isa = PBXFileReference; fileEncoding = 4; lastKnownFileType = sourcecode.c.h; path = aiFileIO.h; sourceTree = "<group>"; };
		C21420311E6864100051289A /* aiLight.h */ = {isa = PBXFileReference; fileEncoding = 4; lastKnownFileType = sourcecode.c.h; path = aiLight.h; sourceTree = "<group>"; };
		C21420321E6864100051289A /* aiMaterial.h */ = {isa = PBXFileReference; fileEncoding = 4; lastKnownFileType = sourcecode.c.h; path = aiMaterial.h; sourceTree = "<group>"; };
		C21420331E6864100051289A /* aiMaterial.inl */ = {isa = PBXFileReference; fileEncoding = 4; lastKnownFileType = text; path = aiMaterial.inl; sourceTree = "<group>"; };
		C21420341E6864100051289A /* aiMatrix3x3.h */ = {isa = PBXFileReference; fileEncoding = 4; lastKnownFileType = sourcecode.c.h; path = aiMatrix3x3.h; sourceTree = "<group>"; };
		C21420351E6864100051289A /* aiMatrix3x3.inl */ = {isa = PBXFileReference; fileEncoding = 4; lastKnownFileType = text; path = aiMatrix3x3.inl; sourceTree = "<group>"; };
		C21420361E6864100051289A /* aiMatrix4x4.h */ = {isa = PBXFileReference; fileEncoding = 4; lastKnownFileType = sourcecode.c.h; path = aiMatrix4x4.h; sourceTree = "<group>"; };
		C21420371E6864100051289A /* aiMatrix4x4.inl */ = {isa = PBXFileReference; fileEncoding = 4; lastKnownFileType = text; path = aiMatrix4x4.inl; sourceTree = "<group>"; };
		C21420381E6864100051289A /* aiMesh.h */ = {isa = PBXFileReference; fileEncoding = 4; lastKnownFileType = sourcecode.c.h; path = aiMesh.h; sourceTree = "<group>"; };
		C21420391E6864100051289A /* aiPostProcess.h */ = {isa = PBXFileReference; fileEncoding = 4; lastKnownFileType = sourcecode.c.h; path = aiPostProcess.h; sourceTree = "<group>"; };
		C214203A1E6864100051289A /* aiQuaternion.h */ = {isa = PBXFileReference; fileEncoding = 4; lastKnownFileType = sourcecode.c.h; path = aiQuaternion.h; sourceTree = "<group>"; };
		C214203B1E6864100051289A /* aiScene.h */ = {isa = PBXFileReference; fileEncoding = 4; lastKnownFileType = sourcecode.c.h; path = aiScene.h; sourceTree = "<group>"; };
		C214203C1E6864100051289A /* aiTexture.h */ = {isa = PBXFileReference; fileEncoding = 4; lastKnownFileType = sourcecode.c.h; path = aiTexture.h; sourceTree = "<group>"; };
		C214203D1E6864100051289A /* aiTypes.h */ = {isa = PBXFileReference; fileEncoding = 4; lastKnownFileType = sourcecode.c.h; path = aiTypes.h; sourceTree = "<group>"; };
		C214203E1E6864100051289A /* aiVector2D.h */ = {isa = PBXFileReference; fileEncoding = 4; lastKnownFileType = sourcecode.c.h; path = aiVector2D.h; sourceTree = "<group>"; };
		C214203F1E6864100051289A /* aiVector3D.h */ = {isa = PBXFileReference; fileEncoding = 4; lastKnownFileType = sourcecode.c.h; path = aiVector3D.h; sourceTree = "<group>"; };
		C21420401E6864100051289A /* aiVector3D.inl */ = {isa = PBXFileReference; fileEncoding = 4; lastKnownFileType = text; path = aiVector3D.inl; sourceTree = "<group>"; };
		C21420411E6864100051289A /* aiVersion.h */ = {isa = PBXFileReference; fileEncoding = 4; lastKnownFileType = sourcecode.c.h; path = aiVersion.h; sourceTree = "<group>"; };
		C21420421E6864100051289A /* assimp.h */ = {isa = PBXFileReference; fileEncoding = 4; lastKnownFileType = sourcecode.c.h; path = assimp.h; sourceTree = "<group>"; };
		C21420431E6864100051289A /* assimp.hpp */ = {isa = PBXFileReference; fileEncoding = 4; lastKnownFileType = sourcecode.cpp.h; path = assimp.hpp; sourceTree = "<group>"; };
		C21420451E6864100051289A /* poppack1.h */ = {isa = PBXFileReference; fileEncoding = 4; lastKnownFileType = sourcecode.c.h; path = poppack1.h; sourceTree = "<group>"; };
		C21420461E6864100051289A /* pushpack1.h */ = {isa = PBXFileReference; fileEncoding = 4; lastKnownFileType = sourcecode.c.h; path = pushpack1.h; sourceTree = "<group>"; };
		C21420471E6864100051289A /* DefaultLogger.h */ = {isa = PBXFileReference; fileEncoding = 4; lastKnownFileType = sourcecode.c.h; path = DefaultLogger.h; sourceTree = "<group>"; };
		C21420481E6864100051289A /* IOStream.h */ = {isa = PBXFileReference; fileEncoding = 4; lastKnownFileType = sourcecode.c.h; path = IOStream.h; sourceTree = "<group>"; };
		C21420491E6864100051289A /* IOSystem.h */ = {isa = PBXFileReference; fileEncoding = 4; lastKnownFileType = sourcecode.c.h; path = IOSystem.h; sourceTree = "<group>"; };
		C214204A1E6864100051289A /* Logger.h */ = {isa = PBXFileReference; fileEncoding = 4; lastKnownFileType = sourcecode.c.h; path = Logger.h; sourceTree = "<group>"; };
		C214204B1E6864100051289A /* LogStream.h */ = {isa = PBXFileReference; fileEncoding = 4; lastKnownFileType = sourcecode.c.h; path = LogStream.h; sourceTree = "<group>"; };
		C214204C1E6864100051289A /* NullLogger.h */ = {isa = PBXFileReference; fileEncoding = 4; lastKnownFileType = sourcecode.c.h; path = NullLogger.h; sourceTree = "<group>"; };
		C214204D1E6864100051289A /* ProgressHandler.h */ = {isa = PBXFileReference; fileEncoding = 4; lastKnownFileType = sourcecode.c.h; path = ProgressHandler.h; sourceTree = "<group>"; };
		C21420501E6864100051289A /* assimp.a */ = {isa = PBXFileReference; lastKnownFileType = archive.ar; path = assimp.a; sourceTree = "<group>"; };
		C21420521E6864100051289A /* ofxAssimpAnimation.cpp */ = {isa = PBXFileReference; fileEncoding = 4; lastKnownFileType = sourcecode.cpp.cpp; path = ofxAssimpAnimation.cpp; sourceTree = "<group>"; };
		C21420531E6864100051289A /* ofxAssimpAnimation.h */ = {isa = PBXFileReference; fileEncoding = 4; lastKnownFileType = sourcecode.c.h; path = ofxAssimpAnimation.h; sourceTree = "<group>"; };
		C21420541E6864100051289A /* ofxAssimpMeshHelper.cpp */ = {isa = PBXFileReference; fileEncoding = 4; lastKnownFileType = sourcecode.cpp.cpp; path = ofxAssimpMeshHelper.cpp; sourceTree = "<group>"; };
		C21420551E6864100051289A /* ofxAssimpMeshHelper.h */ = {isa = PBXFileReference; fileEncoding = 4; lastKnownFileType = sourcecode.c.h; path = ofxAssimpMeshHelper.h; sourceTree = "<group>"; };
		C21420561E6864100051289A /* ofxAssimpModelLoader.cpp */ = {isa = PBXFileReference; fileEncoding = 4; lastKnownFileType = sourcecode.cpp.cpp; path = ofxAssimpModelLoader.cpp; sourceTree = "<group>"; };
		C21420571E6864100051289A /* ofxAssimpModelLoader.h */ = {isa = PBXFileReference; fileEncoding = 4; lastKnownFileType = sourcecode.c.h; path = ofxAssimpModelLoader.h; sourceTree = "<group>"; };
		C21420581E6864100051289A /* ofxAssimpTexture.cpp */ = {isa = PBXFileReference; fileEncoding = 4; lastKnownFileType = sourcecode.cpp.cpp; path = ofxAssimpTexture.cpp; sourceTree = "<group>"; };
		C21420591E6864100051289A /* ofxAssimpTexture.h */ = {isa = PBXFileReference; fileEncoding = 4; lastKnownFileType = sourcecode.c.h; path = ofxAssimpTexture.h; sourceTree = "<group>"; };
		C214205A1E6864100051289A /* ofxAssimpUtils.h */ = {isa = PBXFileReference; fileEncoding = 4; lastKnownFileType = sourcecode.c.h; path = ofxAssimpUtils.h; sourceTree = "<group>"; };
		C23A68FF1E3E4AF10086F882 /* Object.cpp */ = {isa = PBXFileReference; fileEncoding = 4; lastKnownFileType = sourcecode.cpp.cpp; path = Object.cpp; sourceTree = "<group>"; };
		C23A69001E3E4AF10086F882 /* Object.h */ = {isa = PBXFileReference; fileEncoding = 4; lastKnownFileType = sourcecode.c.h; path = Object.h; sourceTree = "<group>"; };
		C27DC8B51E3E514900D1A1D8 /* Cylinder.cpp */ = {isa = PBXFileReference; fileEncoding = 4; lastKnownFileType = sourcecode.cpp.cpp; path = Cylinder.cpp; sourceTree = "<group>"; };
		C27DC8B61E3E514900D1A1D8 /* Cylinder.h */ = {isa = PBXFileReference; fileEncoding = 4; lastKnownFileType = sourcecode.c.h; path = Cylinder.h; sourceTree = "<group>"; };
		C28E92D81E2FDC5200AA5728 /* Sphere.cpp */ = {isa = PBXFileReference; fileEncoding = 4; lastKnownFileType = sourcecode.cpp.cpp; path = Sphere.cpp; sourceTree = "<group>"; };
		C28E92D91E2FDC5200AA5728 /* Sphere.h */ = {isa = PBXFileReference; fileEncoding = 4; lastKnownFileType = sourcecode.c.h; path = Sphere.h; sourceTree = "<group>"; };
		C28E92DB1E3257BD00AA5728 /* Square.cpp */ = {isa = PBXFileReference; fileEncoding = 4; lastKnownFileType = sourcecode.cpp.cpp; path = Square.cpp; sourceTree = "<group>"; };
		C28E92DC1E3257BD00AA5728 /* Square.h */ = {isa = PBXFileReference; fileEncoding = 4; lastKnownFileType = sourcecode.c.h; path = Square.h; sourceTree = "<group>"; };
		C2A1A1E91E56893200CDE1F2 /* Box.cpp */ = {isa = PBXFileReference; fileEncoding = 4; lastKnownFileType = sourcecode.cpp.cpp; path = Box.cpp; sourceTree = "<group>"; };
		C2A1A1EA1E56893200CDE1F2 /* Box.h */ = {isa = PBXFileReference; fileEncoding = 4; lastKnownFileType = sourcecode.c.h; path = Box.h; sourceTree = "<group>"; };
		C2A1A1EC1E56922F00CDE1F2 /* Plate.cpp */ = {isa = PBXFileReference; fileEncoding = 4; lastKnownFileType = sourcecode.cpp.cpp; path = Plate.cpp; sourceTree = "<group>"; };
		C2A1A1ED1E56922F00CDE1F2 /* Plate.h */ = {isa = PBXFileReference; fileEncoding = 4; lastKnownFileType = sourcecode.c.h; path = Plate.h; sourceTree = "<group>"; };
		C2A1B7E01E4E298A00E0793C /* Cone.cpp */ = {isa = PBXFileReference; fileEncoding = 4; lastKnownFileType = sourcecode.cpp.cpp; path = Cone.cpp; sourceTree = "<group>"; };
		C2A1B7E11E4E298A00E0793C /* Cone.h */ = {isa = PBXFileReference; fileEncoding = 4; lastKnownFileType = sourcecode.c.h; path = Cone.h; sourceTree = "<group>"; };
		C2AE87FD1E365F3300619B63 /* ofxBaseGui.cpp */ = {isa = PBXFileReference; fileEncoding = 4; lastKnownFileType = sourcecode.cpp.cpp; path = ofxBaseGui.cpp; sourceTree = "<group>"; };
		C2AE87FE1E365F3300619B63 /* ofxBaseGui.h */ = {isa = PBXFileReference; fileEncoding = 4; lastKnownFileType = sourcecode.c.h; path = ofxBaseGui.h; sourceTree = "<group>"; };
		C2AE87FF1E365F3300619B63 /* ofxButton.cpp */ = {isa = PBXFileReference; fileEncoding = 4; lastKnownFileType = sourcecode.cpp.cpp; path = ofxButton.cpp; sourceTree = "<group>"; };
		C2AE88001E365F3300619B63 /* ofxButton.h */ = {isa = PBXFileReference; fileEncoding = 4; lastKnownFileType = sourcecode.c.h; path = ofxButton.h; sourceTree = "<group>"; };
		C2AE88011E365F3300619B63 /* ofxGui.h */ = {isa = PBXFileReference; fileEncoding = 4; lastKnownFileType = sourcecode.c.h; path = ofxGui.h; sourceTree = "<group>"; };
		C2AE88021E365F3300619B63 /* ofxGuiGroup.cpp */ = {isa = PBXFileReference; fileEncoding = 4; lastKnownFileType = sourcecode.cpp.cpp; path = ofxGuiGroup.cpp; sourceTree = "<group>"; };
		C2AE88031E365F3300619B63 /* ofxGuiGroup.h */ = {isa = PBXFileReference; fileEncoding = 4; lastKnownFileType = sourcecode.c.h; path = ofxGuiGroup.h; sourceTree = "<group>"; };
		C2AE88041E365F3300619B63 /* ofxLabel.cpp */ = {isa = PBXFileReference; fileEncoding = 4; lastKnownFileType = sourcecode.cpp.cpp; path = ofxLabel.cpp; sourceTree = "<group>"; };
		C2AE88051E365F3300619B63 /* ofxLabel.h */ = {isa = PBXFileReference; fileEncoding = 4; lastKnownFileType = sourcecode.c.h; path = ofxLabel.h; sourceTree = "<group>"; };
		C2AE88061E365F3300619B63 /* ofxPanel.cpp */ = {isa = PBXFileReference; fileEncoding = 4; lastKnownFileType = sourcecode.cpp.cpp; path = ofxPanel.cpp; sourceTree = "<group>"; };
		C2AE88071E365F3300619B63 /* ofxPanel.h */ = {isa = PBXFileReference; fileEncoding = 4; lastKnownFileType = sourcecode.c.h; path = ofxPanel.h; sourceTree = "<group>"; };
		C2AE88081E365F3300619B63 /* ofxSlider.cpp */ = {isa = PBXFileReference; fileEncoding = 4; lastKnownFileType = sourcecode.cpp.cpp; path = ofxSlider.cpp; sourceTree = "<group>"; };
		C2AE88091E365F3300619B63 /* ofxSlider.h */ = {isa = PBXFileReference; fileEncoding = 4; lastKnownFileType = sourcecode.c.h; path = ofxSlider.h; sourceTree = "<group>"; };
		C2AE880A1E365F3300619B63 /* ofxSliderGroup.cpp */ = {isa = PBXFileReference; fileEncoding = 4; lastKnownFileType = sourcecode.cpp.cpp; path = ofxSliderGroup.cpp; sourceTree = "<group>"; };
		C2AE880B1E365F3300619B63 /* ofxSliderGroup.h */ = {isa = PBXFileReference; fileEncoding = 4; lastKnownFileType = sourcecode.c.h; path = ofxSliderGroup.h; sourceTree = "<group>"; };
		C2AE880C1E365F3300619B63 /* ofxToggle.cpp */ = {isa = PBXFileReference; fileEncoding = 4; lastKnownFileType = sourcecode.cpp.cpp; path = ofxToggle.cpp; sourceTree = "<group>"; };
		C2AE880D1E365F3300619B63 /* ofxToggle.h */ = {isa = PBXFileReference; fileEncoding = 4; lastKnownFileType = sourcecode.c.h; path = ofxToggle.h; sourceTree = "<group>"; };
		E4328143138ABC890047C5CB /* openFrameworksLib.xcodeproj */ = {isa = PBXFileReference; lastKnownFileType = "wrapper.pb-project"; name = openFrameworksLib.xcodeproj; path = ../../../libs/openFrameworksCompiled/project/osx/openFrameworksLib.xcodeproj; sourceTree = SOURCE_ROOT; };
		E45BE9710E8CC7DD009D7055 /* AGL.framework */ = {isa = PBXFileReference; lastKnownFileType = wrapper.framework; name = AGL.framework; path = /System/Library/Frameworks/AGL.framework; sourceTree = "<absolute>"; };
		E45BE9720E8CC7DD009D7055 /* ApplicationServices.framework */ = {isa = PBXFileReference; lastKnownFileType = wrapper.framework; name = ApplicationServices.framework; path = /System/Library/Frameworks/ApplicationServices.framework; sourceTree = "<absolute>"; };
		E45BE9730E8CC7DD009D7055 /* AudioToolbox.framework */ = {isa = PBXFileReference; lastKnownFileType = wrapper.framework; name = AudioToolbox.framework; path = /System/Library/Frameworks/AudioToolbox.framework; sourceTree = "<absolute>"; };
		E45BE9750E8CC7DD009D7055 /* CoreAudio.framework */ = {isa = PBXFileReference; lastKnownFileType = wrapper.framework; name = CoreAudio.framework; path = /System/Library/Frameworks/CoreAudio.framework; sourceTree = "<absolute>"; };
		E45BE9760E8CC7DD009D7055 /* CoreFoundation.framework */ = {isa = PBXFileReference; lastKnownFileType = wrapper.framework; name = CoreFoundation.framework; path = /System/Library/Frameworks/CoreFoundation.framework; sourceTree = "<absolute>"; };
		E45BE9770E8CC7DD009D7055 /* CoreServices.framework */ = {isa = PBXFileReference; lastKnownFileType = wrapper.framework; name = CoreServices.framework; path = /System/Library/Frameworks/CoreServices.framework; sourceTree = "<absolute>"; };
		E45BE9790E8CC7DD009D7055 /* OpenGL.framework */ = {isa = PBXFileReference; lastKnownFileType = wrapper.framework; name = OpenGL.framework; path = /System/Library/Frameworks/OpenGL.framework; sourceTree = "<absolute>"; };
		E45BE97A0E8CC7DD009D7055 /* QuickTime.framework */ = {isa = PBXFileReference; lastKnownFileType = wrapper.framework; name = QuickTime.framework; path = /System/Library/Frameworks/QuickTime.framework; sourceTree = "<absolute>"; };
		E4B69B5B0A3A1756003C02F2 /* emptyExampleDebug.app */ = {isa = PBXFileReference; explicitFileType = wrapper.application; includeInIndex = 0; path = emptyExampleDebug.app; sourceTree = BUILT_PRODUCTS_DIR; };
		E4B69E1D0A3A1BDC003C02F2 /* main.cpp */ = {isa = PBXFileReference; fileEncoding = 30; lastKnownFileType = sourcecode.cpp.cpp; name = main.cpp; path = src/main.cpp; sourceTree = SOURCE_ROOT; };
		E4B69E1E0A3A1BDC003C02F2 /* ofApp.cpp */ = {isa = PBXFileReference; explicitFileType = sourcecode.cpp.cpp; fileEncoding = 4; name = ofApp.cpp; path = src/ofApp.cpp; sourceTree = SOURCE_ROOT; };
		E4B69E1F0A3A1BDC003C02F2 /* ofApp.h */ = {isa = PBXFileReference; fileEncoding = 4; lastKnownFileType = sourcecode.c.h; name = ofApp.h; path = src/ofApp.h; sourceTree = SOURCE_ROOT; };
		E4B6FCAD0C3E899E008CF71C /* openFrameworks-Info.plist */ = {isa = PBXFileReference; fileEncoding = 30; lastKnownFileType = text.plist.xml; path = "openFrameworks-Info.plist"; sourceTree = "<group>"; };
		E4C2424410CC5A17004149E2 /* AppKit.framework */ = {isa = PBXFileReference; lastKnownFileType = wrapper.framework; name = AppKit.framework; path = /System/Library/Frameworks/AppKit.framework; sourceTree = "<absolute>"; };
		E4C2424510CC5A17004149E2 /* Cocoa.framework */ = {isa = PBXFileReference; lastKnownFileType = wrapper.framework; name = Cocoa.framework; path = /System/Library/Frameworks/Cocoa.framework; sourceTree = "<absolute>"; };
		E4C2424610CC5A17004149E2 /* IOKit.framework */ = {isa = PBXFileReference; lastKnownFileType = wrapper.framework; name = IOKit.framework; path = /System/Library/Frameworks/IOKit.framework; sourceTree = "<absolute>"; };
		E4EB691F138AFCF100A09F29 /* CoreOF.xcconfig */ = {isa = PBXFileReference; fileEncoding = 4; lastKnownFileType = text.xcconfig; name = CoreOF.xcconfig; path = ../../../libs/openFrameworksCompiled/project/osx/CoreOF.xcconfig; sourceTree = SOURCE_ROOT; };
		E4EB6923138AFD0F00A09F29 /* Project.xcconfig */ = {isa = PBXFileReference; fileEncoding = 4; lastKnownFileType = text.xcconfig; path = Project.xcconfig; sourceTree = "<group>"; };
		E7E077E415D3B63C0020DFD4 /* CoreVideo.framework */ = {isa = PBXFileReference; lastKnownFileType = wrapper.framework; name = CoreVideo.framework; path = /System/Library/Frameworks/CoreVideo.framework; sourceTree = "<absolute>"; };
		E7E077E715D3B6510020DFD4 /* QTKit.framework */ = {isa = PBXFileReference; lastKnownFileType = wrapper.framework; name = QTKit.framework; path = /System/Library/Frameworks/QTKit.framework; sourceTree = "<absolute>"; };
		E7F985F515E0DE99003869B5 /* Accelerate.framework */ = {isa = PBXFileReference; lastKnownFileType = wrapper.framework; name = Accelerate.framework; path = /System/Library/Frameworks/Accelerate.framework; sourceTree = "<absolute>"; };
/* End PBXFileReference section */

/* Begin PBXFrameworksBuildPhase section */
		E4B69B590A3A1756003C02F2 /* Frameworks */ = {
			isa = PBXFrameworksBuildPhase;
			buildActionMask = 2147483647;
			files = (
				E7F985F815E0DEA3003869B5 /* Accelerate.framework in Frameworks */,
				E7E077E815D3B6510020DFD4 /* QTKit.framework in Frameworks */,
				E4EB6799138ADC1D00A09F29 /* GLUT.framework in Frameworks */,
				E4328149138ABC9F0047C5CB /* openFrameworksDebug.a in Frameworks */,
				E45BE97B0E8CC7DD009D7055 /* AGL.framework in Frameworks */,
				E45BE97C0E8CC7DD009D7055 /* ApplicationServices.framework in Frameworks */,
				E45BE97D0E8CC7DD009D7055 /* AudioToolbox.framework in Frameworks */,
				E45BE97F0E8CC7DD009D7055 /* CoreAudio.framework in Frameworks */,
				E45BE9800E8CC7DD009D7055 /* CoreFoundation.framework in Frameworks */,
				C214205B1E6864100051289A /* assimp.a in Frameworks */,
				E45BE9810E8CC7DD009D7055 /* CoreServices.framework in Frameworks */,
				E45BE9830E8CC7DD009D7055 /* OpenGL.framework in Frameworks */,
				E45BE9840E8CC7DD009D7055 /* QuickTime.framework in Frameworks */,
				E4C2424710CC5A17004149E2 /* AppKit.framework in Frameworks */,
				E4C2424810CC5A17004149E2 /* Cocoa.framework in Frameworks */,
				E4C2424910CC5A17004149E2 /* IOKit.framework in Frameworks */,
				E7E077E515D3B63C0020DFD4 /* CoreVideo.framework in Frameworks */,
			);
			runOnlyForDeploymentPostprocessing = 0;
		};
/* End PBXFrameworksBuildPhase section */

/* Begin PBXGroup section */
		BB4B014C10F69532006C3DED /* addons */ = {
			isa = PBXGroup;
			children = (
				C21420241E6864100051289A /* ofxAssimpModelLoader */,
				C21420161E6863FC0051289A /* ofx3DModelLoader */,
				C2AE87FB1E365F3300619B63 /* ofxGui */,
			);
			name = addons;
			sourceTree = "<group>";
		};
		BBAB23C913894ECA00AA2426 /* system frameworks */ = {
			isa = PBXGroup;
			children = (
				E7F985F515E0DE99003869B5 /* Accelerate.framework */,
				E4C2424410CC5A17004149E2 /* AppKit.framework */,
				E4C2424510CC5A17004149E2 /* Cocoa.framework */,
				E4C2424610CC5A17004149E2 /* IOKit.framework */,
				E45BE9710E8CC7DD009D7055 /* AGL.framework */,
				E45BE9720E8CC7DD009D7055 /* ApplicationServices.framework */,
				E45BE9730E8CC7DD009D7055 /* AudioToolbox.framework */,
				E45BE9750E8CC7DD009D7055 /* CoreAudio.framework */,
				E45BE9760E8CC7DD009D7055 /* CoreFoundation.framework */,
				E45BE9770E8CC7DD009D7055 /* CoreServices.framework */,
				E45BE9790E8CC7DD009D7055 /* OpenGL.framework */,
				E45BE97A0E8CC7DD009D7055 /* QuickTime.framework */,
				E7E077E415D3B63C0020DFD4 /* CoreVideo.framework */,
				E7E077E715D3B6510020DFD4 /* QTKit.framework */,
			);
			name = "system frameworks";
			sourceTree = "<group>";
		};
		BBAB23CA13894EDB00AA2426 /* 3rd party frameworks */ = {
			isa = PBXGroup;
			children = (
				BBAB23BE13894E4700AA2426 /* GLUT.framework */,
			);
			name = "3rd party frameworks";
			sourceTree = "<group>";
		};
		C21420161E6863FC0051289A /* ofx3DModelLoader */ = {
			isa = PBXGroup;
			children = (
				C21420171E6863FC0051289A /* ofx3DBaseLoader.h */,
				C21420181E6863FC0051289A /* ofx3dModelLoader.cpp */,
				C21420191E6863FC0051289A /* ofx3DModelLoader.h */,
				C214201A1E6863FC0051289A /* src */,
			);
			name = ofx3DModelLoader;
			path = ../../../addons/ofx3DModelLoader;
			sourceTree = "<group>";
		};
		C214201A1E6863FC0051289A /* src */ = {
			isa = PBXGroup;
			children = (
				C214201B1E6863FC0051289A /* 3DS */,
			);
			path = src;
			sourceTree = "<group>";
		};
		C214201B1E6863FC0051289A /* 3DS */ = {
			isa = PBXGroup;
			children = (
				C214201C1E6863FC0051289A /* model3DS.cpp */,
				C214201D1E6863FC0051289A /* model3DS.h */,
				C214201E1E6863FC0051289A /* texture3DS.cpp */,
				C214201F1E6863FC0051289A /* texture3DS.h */,
				C21420201E6863FC0051289A /* Vector3DS.h */,
			);
			path = 3DS;
			sourceTree = "<group>";
		};
		C21420241E6864100051289A /* ofxAssimpModelLoader */ = {
			isa = PBXGroup;
			children = (
				C21420251E6864100051289A /* addon_config.mk */,
				C21420261E6864100051289A /* libs */,
				C21420511E6864100051289A /* src */,
			);
			name = ofxAssimpModelLoader;
			path = ../../../addons/ofxAssimpModelLoader;
			sourceTree = "<group>";
		};
		C21420261E6864100051289A /* libs */ = {
			isa = PBXGroup;
			children = (
				C21420271E6864100051289A /* assimp */,
			);
			path = libs;
			sourceTree = "<group>";
		};
		C21420271E6864100051289A /* assimp */ = {
			isa = PBXGroup;
			children = (
				C21420281E6864100051289A /* include */,
				C214204E1E6864100051289A /* lib */,
			);
			path = assimp;
			sourceTree = "<group>";
		};
		C21420281E6864100051289A /* include */ = {
			isa = PBXGroup;
			children = (
				C21420291E6864100051289A /* aiAnim.h */,
				C214202A1E6864100051289A /* aiAssert.h */,
				C214202B1E6864100051289A /* aiCamera.h */,
				C214202C1E6864100051289A /* aiColor4D.h */,
				C214202D1E6864100051289A /* aiColor4D.inl */,
				C214202E1E6864100051289A /* aiConfig.h */,
				C214202F1E6864100051289A /* aiDefines.h */,
				C21420301E6864100051289A /* aiFileIO.h */,
				C21420311E6864100051289A /* aiLight.h */,
				C21420321E6864100051289A /* aiMaterial.h */,
				C21420331E6864100051289A /* aiMaterial.inl */,
				C21420341E6864100051289A /* aiMatrix3x3.h */,
				C21420351E6864100051289A /* aiMatrix3x3.inl */,
				C21420361E6864100051289A /* aiMatrix4x4.h */,
				C21420371E6864100051289A /* aiMatrix4x4.inl */,
				C21420381E6864100051289A /* aiMesh.h */,
				C21420391E6864100051289A /* aiPostProcess.h */,
				C214203A1E6864100051289A /* aiQuaternion.h */,
				C214203B1E6864100051289A /* aiScene.h */,
				C214203C1E6864100051289A /* aiTexture.h */,
				C214203D1E6864100051289A /* aiTypes.h */,
				C214203E1E6864100051289A /* aiVector2D.h */,
				C214203F1E6864100051289A /* aiVector3D.h */,
				C21420401E6864100051289A /* aiVector3D.inl */,
				C21420411E6864100051289A /* aiVersion.h */,
				C21420421E6864100051289A /* assimp.h */,
				C21420431E6864100051289A /* assimp.hpp */,
				C21420441E6864100051289A /* Compiler */,
				C21420471E6864100051289A /* DefaultLogger.h */,
				C21420481E6864100051289A /* IOStream.h */,
				C21420491E6864100051289A /* IOSystem.h */,
				C214204A1E6864100051289A /* Logger.h */,
				C214204B1E6864100051289A /* LogStream.h */,
				C214204C1E6864100051289A /* NullLogger.h */,
				C214204D1E6864100051289A /* ProgressHandler.h */,
			);
			path = include;
			sourceTree = "<group>";
		};
		C21420441E6864100051289A /* Compiler */ = {
			isa = PBXGroup;
			children = (
				C21420451E6864100051289A /* poppack1.h */,
				C21420461E6864100051289A /* pushpack1.h */,
			);
			path = Compiler;
			sourceTree = "<group>";
		};
		C214204E1E6864100051289A /* lib */ = {
			isa = PBXGroup;
			children = (
				C214204F1E6864100051289A /* osx */,
			);
			path = lib;
			sourceTree = "<group>";
		};
		C214204F1E6864100051289A /* osx */ = {
			isa = PBXGroup;
			children = (
				C21420501E6864100051289A /* assimp.a */,
			);
			path = osx;
			sourceTree = "<group>";
		};
		C21420511E6864100051289A /* src */ = {
			isa = PBXGroup;
			children = (
				C21420521E6864100051289A /* ofxAssimpAnimation.cpp */,
				C21420531E6864100051289A /* ofxAssimpAnimation.h */,
				C21420541E6864100051289A /* ofxAssimpMeshHelper.cpp */,
				C21420551E6864100051289A /* ofxAssimpMeshHelper.h */,
				C21420561E6864100051289A /* ofxAssimpModelLoader.cpp */,
				C21420571E6864100051289A /* ofxAssimpModelLoader.h */,
				C21420581E6864100051289A /* ofxAssimpTexture.cpp */,
				C21420591E6864100051289A /* ofxAssimpTexture.h */,
				C214205A1E6864100051289A /* ofxAssimpUtils.h */,
			);
			path = src;
			sourceTree = "<group>";
		};
		C2A1A1E81E56869C00CDE1F2 /* Objects */ = {
			isa = PBXGroup;
			children = (
				C23A69001E3E4AF10086F882 /* Object.h */,
				C23A68FF1E3E4AF10086F882 /* Object.cpp */,
				C28E92D91E2FDC5200AA5728 /* Sphere.h */,
				C28E92D81E2FDC5200AA5728 /* Sphere.cpp */,
				C27DC8B61E3E514900D1A1D8 /* Cylinder.h */,
				C27DC8B51E3E514900D1A1D8 /* Cylinder.cpp */,
				C2A1B7E11E4E298A00E0793C /* Cone.h */,
				C2A1B7E01E4E298A00E0793C /* Cone.cpp */,
				C2A1A1EA1E56893200CDE1F2 /* Box.h */,
				C2A1A1E91E56893200CDE1F2 /* Box.cpp */,
				C2A1A1ED1E56922F00CDE1F2 /* Plate.h */,
				C2A1A1EC1E56922F00CDE1F2 /* Plate.cpp */,
			);
			name = Objects;
			sourceTree = "<group>";
		};
		C2AE87FB1E365F3300619B63 /* ofxGui */ = {
			isa = PBXGroup;
			children = (
				C2AE87FC1E365F3300619B63 /* src */,
			);
			name = ofxGui;
			path = ../../../addons/ofxGui;
			sourceTree = "<group>";
		};
		C2AE87FC1E365F3300619B63 /* src */ = {
			isa = PBXGroup;
			children = (
				C2AE87FD1E365F3300619B63 /* ofxBaseGui.cpp */,
				C2AE87FE1E365F3300619B63 /* ofxBaseGui.h */,
				C2AE87FF1E365F3300619B63 /* ofxButton.cpp */,
				C2AE88001E365F3300619B63 /* ofxButton.h */,
				C2AE88011E365F3300619B63 /* ofxGui.h */,
				C2AE88021E365F3300619B63 /* ofxGuiGroup.cpp */,
				C2AE88031E365F3300619B63 /* ofxGuiGroup.h */,
				C2AE88041E365F3300619B63 /* ofxLabel.cpp */,
				C2AE88051E365F3300619B63 /* ofxLabel.h */,
				C2AE88061E365F3300619B63 /* ofxPanel.cpp */,
				C2AE88071E365F3300619B63 /* ofxPanel.h */,
				C2AE88081E365F3300619B63 /* ofxSlider.cpp */,
				C2AE88091E365F3300619B63 /* ofxSlider.h */,
				C2AE880A1E365F3300619B63 /* ofxSliderGroup.cpp */,
				C2AE880B1E365F3300619B63 /* ofxSliderGroup.h */,
				C2AE880C1E365F3300619B63 /* ofxToggle.cpp */,
				C2AE880D1E365F3300619B63 /* ofxToggle.h */,
			);
			path = src;
			sourceTree = "<group>";
		};
		E4328144138ABC890047C5CB /* Products */ = {
			isa = PBXGroup;
			children = (
				E4328148138ABC890047C5CB /* openFrameworksDebug.a */,
			);
			name = Products;
			sourceTree = "<group>";
		};
		E45BE5980E8CC70C009D7055 /* frameworks */ = {
			isa = PBXGroup;
			children = (
				BBAB23CA13894EDB00AA2426 /* 3rd party frameworks */,
				BBAB23C913894ECA00AA2426 /* system frameworks */,
			);
			name = frameworks;
			sourceTree = "<group>";
		};
		E4B69B4A0A3A1720003C02F2 = {
			isa = PBXGroup;
			children = (
				E4B6FCAD0C3E899E008CF71C /* openFrameworks-Info.plist */,
				E4EB6923138AFD0F00A09F29 /* Project.xcconfig */,
				E4B69E1C0A3A1BDC003C02F2 /* src */,
				E4EEC9E9138DF44700A80321 /* openFrameworks */,
				BB4B014C10F69532006C3DED /* addons */,
				E45BE5980E8CC70C009D7055 /* frameworks */,
				E4B69B5B0A3A1756003C02F2 /* emptyExampleDebug.app */,
			);
			sourceTree = "<group>";
		};
		E4B69E1C0A3A1BDC003C02F2 /* src */ = {
			isa = PBXGroup;
			children = (
				E4B69E1D0A3A1BDC003C02F2 /* main.cpp */,
				E4B69E1F0A3A1BDC003C02F2 /* ofApp.h */,
				E4B69E1E0A3A1BDC003C02F2 /* ofApp.cpp */,
				C28E92DC1E3257BD00AA5728 /* Square.h */,
				C28E92DB1E3257BD00AA5728 /* Square.cpp */,
				C2A1A1E81E56869C00CDE1F2 /* Objects */,
			);
			path = src;
			sourceTree = SOURCE_ROOT;
		};
		E4EEC9E9138DF44700A80321 /* openFrameworks */ = {
			isa = PBXGroup;
			children = (
				E4EB691F138AFCF100A09F29 /* CoreOF.xcconfig */,
				E4328143138ABC890047C5CB /* openFrameworksLib.xcodeproj */,
			);
			name = openFrameworks;
			sourceTree = "<group>";
		};
/* End PBXGroup section */

/* Begin PBXNativeTarget section */
		E4B69B5A0A3A1756003C02F2 /* emptyExample */ = {
			isa = PBXNativeTarget;
			buildConfigurationList = E4B69B5F0A3A1757003C02F2 /* Build configuration list for PBXNativeTarget "emptyExample" */;
			buildPhases = (
				E4B69B580A3A1756003C02F2 /* Sources */,
				E4B69B590A3A1756003C02F2 /* Frameworks */,
				E4B6FFFD0C3F9AB9008CF71C /* Run Script */,
				E4C2427710CC5ABF004149E2 /* CopyFiles */,
			);
			buildRules = (
			);
			dependencies = (
				E4EEB9AC138B136A00A80321 /* PBXTargetDependency */,
			);
			name = emptyExample;
			productName = myOFApp;
			productReference = E4B69B5B0A3A1756003C02F2 /* emptyExampleDebug.app */;
			productType = "com.apple.product-type.application";
		};
/* End PBXNativeTarget section */

/* Begin PBXProject section */
		E4B69B4C0A3A1720003C02F2 /* Project object */ = {
			isa = PBXProject;
			attributes = {
				LastUpgradeCheck = 0460;
			};
			buildConfigurationList = E4B69B4D0A3A1720003C02F2 /* Build configuration list for PBXProject "emptyExample" */;
			compatibilityVersion = "Xcode 3.2";
			developmentRegion = English;
			hasScannedForEncodings = 0;
			knownRegions = (
				English,
				Japanese,
				French,
				German,
			);
			mainGroup = E4B69B4A0A3A1720003C02F2;
			productRefGroup = E4B69B4A0A3A1720003C02F2;
			projectDirPath = "";
			projectReferences = (
				{
					ProductGroup = E4328144138ABC890047C5CB /* Products */;
					ProjectRef = E4328143138ABC890047C5CB /* openFrameworksLib.xcodeproj */;
				},
			);
			projectRoot = "";
			targets = (
				E4B69B5A0A3A1756003C02F2 /* emptyExample */,
			);
		};
/* End PBXProject section */

/* Begin PBXReferenceProxy section */
		E4328148138ABC890047C5CB /* openFrameworksDebug.a */ = {
			isa = PBXReferenceProxy;
			fileType = archive.ar;
			path = openFrameworksDebug.a;
			remoteRef = E4328147138ABC890047C5CB /* PBXContainerItemProxy */;
			sourceTree = BUILT_PRODUCTS_DIR;
		};
/* End PBXReferenceProxy section */

/* Begin PBXShellScriptBuildPhase section */
		E4B6FFFD0C3F9AB9008CF71C /* Run Script */ = {
			isa = PBXShellScriptBuildPhase;
			buildActionMask = 2147483647;
			files = (
			);
			inputPaths = (
			);
			name = "Run Script";
			outputPaths = (
			);
			runOnlyForDeploymentPostprocessing = 0;
			shellPath = /bin/sh;
			shellScript = "cp -f ../../../libs/fmodex/lib/osx/libfmodex.dylib \"$TARGET_BUILD_DIR/$PRODUCT_NAME.app/Contents/MacOS/libfmodex.dylib\"; install_name_tool -change ./libfmodex.dylib @executable_path/libfmodex.dylib \"$TARGET_BUILD_DIR/$PRODUCT_NAME.app/Contents/MacOS/$PRODUCT_NAME\";\nmkdir -p \"$TARGET_BUILD_DIR/$PRODUCT_NAME.app/Contents/Resources/\"\ncp -f \"$ICON_FILE\" \"$TARGET_BUILD_DIR/$PRODUCT_NAME.app/Contents/Resources/\"\n";
		};
/* End PBXShellScriptBuildPhase section */

/* Begin PBXSourcesBuildPhase section */
		E4B69B580A3A1756003C02F2 /* Sources */ = {
			isa = PBXSourcesBuildPhase;
			buildActionMask = 2147483647;
			files = (
				C2AE88111E365F3300619B63 /* ofxLabel.cpp in Sources */,
				C214205C1E6864100051289A /* ofxAssimpAnimation.cpp in Sources */,
				C28E92DD1E3257BD00AA5728 /* Square.cpp in Sources */,
				C27DC8B71E3E514900D1A1D8 /* Cylinder.cpp in Sources */,
				C214205F1E6864100051289A /* ofxAssimpTexture.cpp in Sources */,
				C28E92D61E2FD7D700AA5728 /* ofApp.h in Sources */,
				E4B69E200A3A1BDC003C02F2 /* main.cpp in Sources */,
				C23A69011E3E4AF10086F882 /* Object.cpp in Sources */,
				C21420211E6863FC0051289A /* ofx3dModelLoader.cpp in Sources */,
				C2A1B7E21E4E298A00E0793C /* Cone.cpp in Sources */,
				C21420231E6863FC0051289A /* texture3DS.cpp in Sources */,
				C2AE88141E365F3300619B63 /* ofxSliderGroup.cpp in Sources */,
				C28E92DA1E2FDC5200AA5728 /* Sphere.cpp in Sources */,
				C2AE880F1E365F3300619B63 /* ofxButton.cpp in Sources */,
				C2AE88131E365F3300619B63 /* ofxSlider.cpp in Sources */,
				C2AE880E1E365F3300619B63 /* ofxBaseGui.cpp in Sources */,
				C2A1A1EE1E56922F00CDE1F2 /* Plate.cpp in Sources */,
				C2A1A1EB1E56893200CDE1F2 /* Box.cpp in Sources */,
				E4B69E210A3A1BDC003C02F2 /* ofApp.cpp in Sources */,
				C21420221E6863FC0051289A /* model3DS.cpp in Sources */,
				C214205E1E6864100051289A /* ofxAssimpModelLoader.cpp in Sources */,
				C2AE88121E365F3300619B63 /* ofxPanel.cpp in Sources */,
				C2AE88151E365F3300619B63 /* ofxToggle.cpp in Sources */,
				C2AE88101E365F3300619B63 /* ofxGuiGroup.cpp in Sources */,
				C214205D1E6864100051289A /* ofxAssimpMeshHelper.cpp in Sources */,
			);
			runOnlyForDeploymentPostprocessing = 0;
		};
/* End PBXSourcesBuildPhase section */

/* Begin PBXTargetDependency section */
		E4EEB9AC138B136A00A80321 /* PBXTargetDependency */ = {
			isa = PBXTargetDependency;
			name = openFrameworks;
			targetProxy = E4EEB9AB138B136A00A80321 /* PBXContainerItemProxy */;
		};
/* End PBXTargetDependency section */

/* Begin XCBuildConfiguration section */
		E4B69B4E0A3A1720003C02F2 /* Debug */ = {
			isa = XCBuildConfiguration;
			baseConfigurationReference = E4EB6923138AFD0F00A09F29 /* Project.xcconfig */;
			buildSettings = {
				ARCHS = "$(NATIVE_ARCH)";
				CONFIGURATION_BUILD_DIR = "$(SRCROOT)/bin/";
				COPY_PHASE_STRIP = NO;
				DEAD_CODE_STRIPPING = YES;
				GCC_AUTO_VECTORIZATION = YES;
				GCC_ENABLE_SSE3_EXTENSIONS = YES;
				GCC_ENABLE_SUPPLEMENTAL_SSE3_INSTRUCTIONS = YES;
				GCC_INLINES_ARE_PRIVATE_EXTERN = NO;
				GCC_OPTIMIZATION_LEVEL = 0;
				GCC_SYMBOLS_PRIVATE_EXTERN = NO;
				GCC_WARN_ABOUT_DEPRECATED_FUNCTIONS = YES;
				GCC_WARN_ABOUT_INVALID_OFFSETOF_MACRO = NO;
				GCC_WARN_ALLOW_INCOMPLETE_PROTOCOL = NO;
				GCC_WARN_UNINITIALIZED_AUTOS = NO;
				GCC_WARN_UNUSED_VALUE = NO;
				GCC_WARN_UNUSED_VARIABLE = NO;
				HEADER_SEARCH_PATHS = (
					"$(OF_CORE_HEADERS)",
					src,
				);
				MACOSX_DEPLOYMENT_TARGET = 10.6;
				OTHER_CPLUSPLUSFLAGS = (
					"-D__MACOSX_CORE__",
					"-lpthread",
					"-mtune=native",
				);
				SDKROOT = macosx;
			};
			name = Debug;
		};
		E4B69B4F0A3A1720003C02F2 /* Release */ = {
			isa = XCBuildConfiguration;
			baseConfigurationReference = E4EB6923138AFD0F00A09F29 /* Project.xcconfig */;
			buildSettings = {
				ARCHS = "$(NATIVE_ARCH)";
				CONFIGURATION_BUILD_DIR = "$(SRCROOT)/bin/";
				COPY_PHASE_STRIP = YES;
				DEAD_CODE_STRIPPING = YES;
				GCC_AUTO_VECTORIZATION = YES;
				GCC_ENABLE_SSE3_EXTENSIONS = YES;
				GCC_ENABLE_SUPPLEMENTAL_SSE3_INSTRUCTIONS = YES;
				GCC_INLINES_ARE_PRIVATE_EXTERN = NO;
				GCC_OPTIMIZATION_LEVEL = 3;
				GCC_SYMBOLS_PRIVATE_EXTERN = NO;
				GCC_UNROLL_LOOPS = YES;
				GCC_WARN_ABOUT_DEPRECATED_FUNCTIONS = YES;
				GCC_WARN_ABOUT_INVALID_OFFSETOF_MACRO = NO;
				GCC_WARN_ALLOW_INCOMPLETE_PROTOCOL = NO;
				GCC_WARN_UNINITIALIZED_AUTOS = NO;
				GCC_WARN_UNUSED_VALUE = NO;
				GCC_WARN_UNUSED_VARIABLE = NO;
				HEADER_SEARCH_PATHS = (
					"$(OF_CORE_HEADERS)",
					src,
				);
				MACOSX_DEPLOYMENT_TARGET = 10.6;
				OTHER_CPLUSPLUSFLAGS = (
					"-D__MACOSX_CORE__",
					"-lpthread",
					"-mtune=native",
				);
				SDKROOT = macosx;
			};
			name = Release;
		};
		E4B69B600A3A1757003C02F2 /* Debug */ = {
			isa = XCBuildConfiguration;
			buildSettings = {
				COMBINE_HIDPI_IMAGES = YES;
				COPY_PHASE_STRIP = NO;
				FRAMEWORK_SEARCH_PATHS = (
					"$(inherited)",
					"$(FRAMEWORK_SEARCH_PATHS_QUOTED_FOR_TARGET_1)",
				);
				FRAMEWORK_SEARCH_PATHS_QUOTED_FOR_TARGET_1 = "\"$(SRCROOT)/../../../libs/glut/lib/osx\"";
				GCC_DYNAMIC_NO_PIC = NO;
				GCC_GENERATE_DEBUGGING_SYMBOLS = YES;
				GCC_MODEL_TUNING = NONE;
				ICON = "$(ICON_NAME_DEBUG)";
				ICON_FILE = "$(ICON_FILE_PATH)$(ICON)";
				INFOPLIST_FILE = "openFrameworks-Info.plist";
				INSTALL_PATH = "$(HOME)/Applications";
				LIBRARY_SEARCH_PATHS = (
					"$(inherited)",
					"$(LIBRARY_SEARCH_PATHS_QUOTED_FOR_TARGET_1)",
					"$(LIBRARY_SEARCH_PATHS_QUOTED_FOR_TARGET_2)",
					"$(LIBRARY_SEARCH_PATHS_QUOTED_FOR_TARGET_3)",
					"$(LIBRARY_SEARCH_PATHS_QUOTED_FOR_TARGET_4)",
					"$(LIBRARY_SEARCH_PATHS_QUOTED_FOR_TARGET_5)",
					"$(LIBRARY_SEARCH_PATHS_QUOTED_FOR_TARGET_6)",
					"$(LIBRARY_SEARCH_PATHS_QUOTED_FOR_TARGET_7)",
					"$(LIBRARY_SEARCH_PATHS_QUOTED_FOR_TARGET_8)",
					"$(LIBRARY_SEARCH_PATHS_QUOTED_FOR_TARGET_9)",
					"$(LIBRARY_SEARCH_PATHS_QUOTED_FOR_TARGET_10)",
					"$(LIBRARY_SEARCH_PATHS_QUOTED_FOR_TARGET_11)",
					"$(LIBRARY_SEARCH_PATHS_QUOTED_FOR_TARGET_12)",
					"$(LIBRARY_SEARCH_PATHS_QUOTED_FOR_TARGET_13)",
					"$(LIBRARY_SEARCH_PATHS_QUOTED_FOR_TARGET_14)",
					"$(LIBRARY_SEARCH_PATHS_QUOTED_FOR_TARGET_15)",
					"$(LIBRARY_SEARCH_PATHS_QUOTED_FOR_TARGET_2)",
					"$(LIBRARY_SEARCH_PATHS_QUOTED_FOR_TARGET_3)",
					"$(LIBRARY_SEARCH_PATHS_QUOTED_FOR_TARGET_7)",
					"$(LIBRARY_SEARCH_PATHS_QUOTED_FOR_TARGET_8)",
					"$(LIBRARY_SEARCH_PATHS_QUOTED_FOR_TARGET_9)",
					"$(LIBRARY_SEARCH_PATHS_QUOTED_FOR_TARGET_10)",
					"$(LIBRARY_SEARCH_PATHS_QUOTED_FOR_TARGET_11)",
					"$(LIBRARY_SEARCH_PATHS_QUOTED_FOR_TARGET_12)",
					"$(LIBRARY_SEARCH_PATHS_QUOTED_FOR_TARGET_13)",
					"$(LIBRARY_SEARCH_PATHS_QUOTED_FOR_TARGET_16)",
					"$(LIBRARY_SEARCH_PATHS_QUOTED_FOR_TARGET_17)",
					"$(LIBRARY_SEARCH_PATHS_QUOTED_FOR_TARGET_18)",
					"$(LIBRARY_SEARCH_PATHS_QUOTED_FOR_TARGET_19)",
					"$(LIBRARY_SEARCH_PATHS_QUOTED_FOR_TARGET_20)",
					"$(LIBRARY_SEARCH_PATHS_QUOTED_FOR_TARGET_21)",
					"$(LIBRARY_SEARCH_PATHS_QUOTED_FOR_TARGET_22)",
					"$(LIBRARY_SEARCH_PATHS_QUOTED_FOR_TARGET_23)",
					"$(LIBRARY_SEARCH_PATHS_QUOTED_FOR_TARGET_24)",
					"$(LIBRARY_SEARCH_PATHS_QUOTED_FOR_TARGET_25)",
					"$(LIBRARY_SEARCH_PATHS_QUOTED_FOR_TARGET_26)",
					"$(LIBRARY_SEARCH_PATHS_QUOTED_FOR_TARGET_27)",
					"$(LIBRARY_SEARCH_PATHS_QUOTED_FOR_TARGET_28)",
					"$(LIBRARY_SEARCH_PATHS_QUOTED_FOR_TARGET_29)",
					"$(LIBRARY_SEARCH_PATHS_QUOTED_FOR_TARGET_30)",
					"$(LIBRARY_SEARCH_PATHS_QUOTED_FOR_TARGET_31)",
					"$(LIBRARY_SEARCH_PATHS_QUOTED_FOR_TARGET_32)",
					"$(LIBRARY_SEARCH_PATHS_QUOTED_FOR_TARGET_33)",
					"$(LIBRARY_SEARCH_PATHS_QUOTED_FOR_TARGET_34)",
					"$(LIBRARY_SEARCH_PATHS_QUOTED_FOR_TARGET_35)",
					"$(LIBRARY_SEARCH_PATHS_QUOTED_FOR_TARGET_36)",
					"$(LIBRARY_SEARCH_PATHS_QUOTED_FOR_TARGET_37)",
					"$(LIBRARY_SEARCH_PATHS_QUOTED_FOR_TARGET_38)",
					"$(LIBRARY_SEARCH_PATHS_QUOTED_FOR_TARGET_39)",
					"$(LIBRARY_SEARCH_PATHS_QUOTED_FOR_TARGET_40)",
					"$(LIBRARY_SEARCH_PATHS_QUOTED_FOR_TARGET_41)",
					"$(LIBRARY_SEARCH_PATHS_QUOTED_FOR_TARGET_42)",
					"$(LIBRARY_SEARCH_PATHS_QUOTED_FOR_TARGET_43)",
					"$(LIBRARY_SEARCH_PATHS_QUOTED_FOR_TARGET_44)",
					"$(LIBRARY_SEARCH_PATHS_QUOTED_FOR_TARGET_45)",
					"$(LIBRARY_SEARCH_PATHS_QUOTED_FOR_TARGET_46)",
					"$(LIBRARY_SEARCH_PATHS_QUOTED_FOR_TARGET_47)",
					"$(LIBRARY_SEARCH_PATHS_QUOTED_FOR_TARGET_48)",
					"$(LIBRARY_SEARCH_PATHS_QUOTED_FOR_TARGET_49)",
					"$(LIBRARY_SEARCH_PATHS_QUOTED_FOR_TARGET_50)",
					"$(LIBRARY_SEARCH_PATHS_QUOTED_FOR_TARGET_51)",
					"$(LIBRARY_SEARCH_PATHS_QUOTED_FOR_TARGET_52)",
					/Users/oobayashitakumi/Documents/of_v0.8.4_osx_release/addons/ofxAssimpModelLoader/libs/assimp/lib/osx,
				);
				PRODUCT_NAME = "$(TARGET_NAME)Debug";
				WRAPPER_EXTENSION = app;
			};
			name = Debug;
		};
		E4B69B610A3A1757003C02F2 /* Release */ = {
			isa = XCBuildConfiguration;
			buildSettings = {
				COMBINE_HIDPI_IMAGES = YES;
				COPY_PHASE_STRIP = YES;
				FRAMEWORK_SEARCH_PATHS = (
					"$(inherited)",
					"$(FRAMEWORK_SEARCH_PATHS_QUOTED_FOR_TARGET_1)",
				);
				FRAMEWORK_SEARCH_PATHS_QUOTED_FOR_TARGET_1 = "\"$(SRCROOT)/../../../libs/glut/lib/osx\"";
				GCC_GENERATE_DEBUGGING_SYMBOLS = YES;
				GCC_MODEL_TUNING = NONE;
				ICON = "$(ICON_NAME_RELEASE)";
				ICON_FILE = "$(ICON_FILE_PATH)$(ICON)";
				INFOPLIST_FILE = "openFrameworks-Info.plist";
				INSTALL_PATH = "$(HOME)/Applications";
				LIBRARY_SEARCH_PATHS = (
					"$(inherited)",
					"$(LIBRARY_SEARCH_PATHS_QUOTED_FOR_TARGET_1)",
					"$(LIBRARY_SEARCH_PATHS_QUOTED_FOR_TARGET_2)",
					"$(LIBRARY_SEARCH_PATHS_QUOTED_FOR_TARGET_3)",
					"$(LIBRARY_SEARCH_PATHS_QUOTED_FOR_TARGET_4)",
					"$(LIBRARY_SEARCH_PATHS_QUOTED_FOR_TARGET_5)",
					"$(LIBRARY_SEARCH_PATHS_QUOTED_FOR_TARGET_6)",
					"$(LIBRARY_SEARCH_PATHS_QUOTED_FOR_TARGET_7)",
					"$(LIBRARY_SEARCH_PATHS_QUOTED_FOR_TARGET_8)",
					"$(LIBRARY_SEARCH_PATHS_QUOTED_FOR_TARGET_9)",
					"$(LIBRARY_SEARCH_PATHS_QUOTED_FOR_TARGET_10)",
					"$(LIBRARY_SEARCH_PATHS_QUOTED_FOR_TARGET_11)",
					"$(LIBRARY_SEARCH_PATHS_QUOTED_FOR_TARGET_12)",
					"$(LIBRARY_SEARCH_PATHS_QUOTED_FOR_TARGET_13)",
					"$(LIBRARY_SEARCH_PATHS_QUOTED_FOR_TARGET_14)",
					"$(LIBRARY_SEARCH_PATHS_QUOTED_FOR_TARGET_15)",
					"$(LIBRARY_SEARCH_PATHS_QUOTED_FOR_TARGET_2)",
					"$(LIBRARY_SEARCH_PATHS_QUOTED_1)",
					"$(LIBRARY_SEARCH_PATHS_QUOTED_FOR_TARGET_3)",
					"$(LIBRARY_SEARCH_PATHS_QUOTED_FOR_TARGET_7)",
					"$(LIBRARY_SEARCH_PATHS_QUOTED_FOR_TARGET_8)",
					"$(LIBRARY_SEARCH_PATHS_QUOTED_FOR_TARGET_9)",
					"$(LIBRARY_SEARCH_PATHS_QUOTED_FOR_TARGET_10)",
					"$(LIBRARY_SEARCH_PATHS_QUOTED_FOR_TARGET_11)",
					"$(LIBRARY_SEARCH_PATHS_QUOTED_FOR_TARGET_12)",
					"$(LIBRARY_SEARCH_PATHS_QUOTED_FOR_TARGET_13)",
					"$(LIBRARY_SEARCH_PATHS_QUOTED_FOR_TARGET_16)",
					"$(LIBRARY_SEARCH_PATHS_QUOTED_FOR_TARGET_17)",
					"$(LIBRARY_SEARCH_PATHS_QUOTED_FOR_TARGET_18)",
					"$(LIBRARY_SEARCH_PATHS_QUOTED_FOR_TARGET_19)",
					"$(LIBRARY_SEARCH_PATHS_QUOTED_FOR_TARGET_20)",
					"$(LIBRARY_SEARCH_PATHS_QUOTED_FOR_TARGET_21)",
					"$(LIBRARY_SEARCH_PATHS_QUOTED_FOR_TARGET_22)",
					"$(LIBRARY_SEARCH_PATHS_QUOTED_FOR_TARGET_23)",
					"$(LIBRARY_SEARCH_PATHS_QUOTED_FOR_TARGET_24)",
					"$(LIBRARY_SEARCH_PATHS_QUOTED_FOR_TARGET_25)",
					"$(LIBRARY_SEARCH_PATHS_QUOTED_FOR_TARGET_26)",
					"$(LIBRARY_SEARCH_PATHS_QUOTED_FOR_TARGET_27)",
					"$(LIBRARY_SEARCH_PATHS_QUOTED_FOR_TARGET_28)",
					"$(LIBRARY_SEARCH_PATHS_QUOTED_FOR_TARGET_29)",
					"$(LIBRARY_SEARCH_PATHS_QUOTED_FOR_TARGET_30)",
					"$(LIBRARY_SEARCH_PATHS_QUOTED_FOR_TARGET_31)",
					"$(LIBRARY_SEARCH_PATHS_QUOTED_FOR_TARGET_32)",
					"$(LIBRARY_SEARCH_PATHS_QUOTED_FOR_TARGET_33)",
					"$(LIBRARY_SEARCH_PATHS_QUOTED_FOR_TARGET_34)",
					"$(LIBRARY_SEARCH_PATHS_QUOTED_FOR_TARGET_35)",
					"$(LIBRARY_SEARCH_PATHS_QUOTED_FOR_TARGET_36)",
					"$(LIBRARY_SEARCH_PATHS_QUOTED_FOR_TARGET_37)",
					"$(LIBRARY_SEARCH_PATHS_QUOTED_FOR_TARGET_38)",
					"$(LIBRARY_SEARCH_PATHS_QUOTED_FOR_TARGET_39)",
					"$(LIBRARY_SEARCH_PATHS_QUOTED_FOR_TARGET_40)",
					"$(LIBRARY_SEARCH_PATHS_QUOTED_FOR_TARGET_41)",
					"$(LIBRARY_SEARCH_PATHS_QUOTED_FOR_TARGET_42)",
					"$(LIBRARY_SEARCH_PATHS_QUOTED_FOR_TARGET_43)",
					"$(LIBRARY_SEARCH_PATHS_QUOTED_FOR_TARGET_44)",
					"$(LIBRARY_SEARCH_PATHS_QUOTED_FOR_TARGET_45)",
					"$(LIBRARY_SEARCH_PATHS_QUOTED_FOR_TARGET_46)",
					"$(LIBRARY_SEARCH_PATHS_QUOTED_FOR_TARGET_47)",
					"$(LIBRARY_SEARCH_PATHS_QUOTED_FOR_TARGET_48)",
					"$(LIBRARY_SEARCH_PATHS_QUOTED_FOR_TARGET_49)",
					"$(LIBRARY_SEARCH_PATHS_QUOTED_FOR_TARGET_50)",
					"$(LIBRARY_SEARCH_PATHS_QUOTED_FOR_TARGET_51)",
					/Users/oobayashitakumi/Documents/of_v0.8.4_osx_release/addons/ofxAssimpModelLoader/libs/assimp/lib/osx,
				);
				PRODUCT_NAME = "$(TARGET_NAME)";
				WRAPPER_EXTENSION = app;
			};
			name = Release;
		};
/* End XCBuildConfiguration section */

/* Begin XCConfigurationList section */
		E4B69B4D0A3A1720003C02F2 /* Build configuration list for PBXProject "emptyExample" */ = {
			isa = XCConfigurationList;
			buildConfigurations = (
				E4B69B4E0A3A1720003C02F2 /* Debug */,
				E4B69B4F0A3A1720003C02F2 /* Release */,
			);
			defaultConfigurationIsVisible = 0;
			defaultConfigurationName = Release;
		};
		E4B69B5F0A3A1757003C02F2 /* Build configuration list for PBXNativeTarget "emptyExample" */ = {
			isa = XCConfigurationList;
			buildConfigurations = (
				E4B69B600A3A1757003C02F2 /* Debug */,
				E4B69B610A3A1757003C02F2 /* Release */,
			);
			defaultConfigurationIsVisible = 0;
			defaultConfigurationName = Release;
		};
/* End XCConfigurationList section */
	};
	rootObject = E4B69B4C0A3A1720003C02F2 /* Project object */;
}
